
Microsoft Visual Studio Solution File, Format Version 12.00
# Visual Studio Version 17
VisualStudioVersion = 17.7.34031.279
MinimumVisualStudioVersion = 10.0.40219.1
Project("{2150E333-8FDC-42A3-9474-1A3956D46DE8}") = "Task0", "Task0", "{4B23F1F7-8BB3-4B9A-9690-009F9A0F8294}"
EndProject
Project("{FAE04EC0-301F-11D3-BF4B-00C04F79EFBC}") = "Tyuiu.KrutikovaVP.Sprint2.Task0.V20", "Tyuiu.KrutikovaVP.Sprint2.Task0.V20\Tyuiu.KrutikovaVP.Sprint2.Task0.V20.csproj", "{E61D25D4-F5FE-4413-BCBD-198992FD3084}"
EndProject
Project("{FAE04EC0-301F-11D3-BF4B-00C04F79EFBC}") = "Tyuiu.KrutikovaVP.Sprint2.Task0.V20.Test", "Tyuiu.KrutikovaVP.Sprint2.Task0.V20.Test\Tyuiu.KrutikovaVP.Sprint2.Task0.V20.Test.csproj", "{461A20C3-3439-42EA-ABA4-201E5F327B3A}"
EndProject
Project("{FAE04EC0-301F-11D3-BF4B-00C04F79EFBC}") = "Tyuiu.KrutikovaVP.Sprint2.Task0.V20.Lib", "Tyuiu.KrutikovaVP.Sprint2.Task0.V20.Lib\Tyuiu.KrutikovaVP.Sprint2.Task0.V20.Lib.csproj", "{4B19A098-660C-4FBA-8859-ACE593ADF230}"
EndProject
Project("{2150E333-8FDC-42A3-9474-1A3956D46DE8}") = "Task1", "Task1", "{772E4D02-1378-4AFF-AB48-4CD0B1434820}"
EndProject
Project("{FAE04EC0-301F-11D3-BF4B-00C04F79EFBC}") = "Tyuiu.KrutikovaVP.Sprint2.Task1.V26", "Tyuiu.KrutikovaVP.Sprint2.Task1.V26\Tyuiu.KrutikovaVP.Sprint2.Task1.V26.csproj", "{23018F33-2074-42A9-B8C4-E6D261E7C40C}"
EndProject
Project("{FAE04EC0-301F-11D3-BF4B-00C04F79EFBC}") = "Tyuiu.KrutikovaVP.Sprint2.Task1.V26.Lib", "Tyuiu.KrutikovaVP.Sprint2.Task1.V26.Lib\Tyuiu.KrutikovaVP.Sprint2.Task1.V26.Lib.csproj", "{B9A4C621-D37E-415C-898D-742D50CFABBE}"
EndProject
Project("{FAE04EC0-301F-11D3-BF4B-00C04F79EFBC}") = "Tyuiu.KrutikovaVP.Sprint2.Task1.V26.Test", "Tyuiu.KrutikovaVP.Sprint2.Task1.V26.Test\Tyuiu.KrutikovaVP.Sprint2.Task1.V26.Test.csproj", "{C8BC842D-10AE-4D9B-8A89-E42A9F6A7B4D}"
EndProject
Project("{2150E333-8FDC-42A3-9474-1A3956D46DE8}") = "Task2", "Task2", "{4ED0E035-51E0-4DD8-A81D-31F23A97C727}"
EndProject
Project("{FAE04EC0-301F-11D3-BF4B-00C04F79EFBC}") = "Tyuiu.KrutikovaVP.Sprint2.Task2.V14", "Tyuiu.KrutikovaVP.Sprint2.Task2.V14\Tyuiu.KrutikovaVP.Sprint2.Task2.V14.csproj", "{9F767081-5674-4AD2-B810-41540F8714FA}"
EndProject
Project("{FAE04EC0-301F-11D3-BF4B-00C04F79EFBC}") = "Tyuiu.KrutikovaVP.Sprint2.Task2.V14.Lib", "Tyuiu.KrutikovaVP.Sprint2.Task2.V14.Lib\Tyuiu.KrutikovaVP.Sprint2.Task2.V14.Lib.csproj", "{2C8B0042-A1E3-42EE-8118-D52305270587}"
EndProject
Project("{FAE04EC0-301F-11D3-BF4B-00C04F79EFBC}") = "Tyuiu.KrutikovaVP.Sprint2.Task2.V14.Test", "Tyuiu.KrutikovaVP.Sprint2.Task2.V14.Test\Tyuiu.KrutikovaVP.Sprint2.Task2.V14.Test.csproj", "{5D88AA5D-2B73-4C9A-9EC4-2FF124E787E2}"
EndProject
Project("{2150E333-8FDC-42A3-9474-1A3956D46DE8}") = "Task3", "Task3", "{DD768F27-16B9-4F8F-80D4-8ABABCAF72A6}"
EndProject
Project("{FAE04EC0-301F-11D3-BF4B-00C04F79EFBC}") = "Tyuiu.KrutikovaVP.Sprint2.Task3.V17", "Tyuiu.KrutikovaVP.Sprint2.Task3.V17\Tyuiu.KrutikovaVP.Sprint2.Task3.V17.csproj", "{C76907EA-31D5-475A-9FD2-EBC746888D0D}"
EndProject
Project("{FAE04EC0-301F-11D3-BF4B-00C04F79EFBC}") = "Tyuiu.KrutikovaVP.Sprint2.Task3.V17.Test", "Tyuiu.KrutikovaVP.Sprint2.Task3.V17.Test\Tyuiu.KrutikovaVP.Sprint2.Task3.V17.Test.csproj", "{FC09AB5C-F7C1-41B7-80AF-1250EEB4C34D}"
EndProject
Project("{FAE04EC0-301F-11D3-BF4B-00C04F79EFBC}") = "Tyuiu.KrutikovaVP.Sprint2.Task3.V17.Lib", "Tyuiu.KrutikovaVP.Sprint2.Task3.V17.Lib\Tyuiu.KrutikovaVP.Sprint2.Task3.V17.Lib.csproj", "{093E22B4-5BD9-451F-908F-41E063A31242}"
EndProject
Project("{2150E333-8FDC-42A3-9474-1A3956D46DE8}") = "Task4", "Task4", "{009B807D-A4E9-48B0-883D-BC837140785C}"
EndProject
Project("{FAE04EC0-301F-11D3-BF4B-00C04F79EFBC}") = "Tyuiu.KrutikovaVP.Sprint2.Task4.V21", "Tyuiu.KrutikovaVP.Sprint2.Task4.V21\Tyuiu.KrutikovaVP.Sprint2.Task4.V21.csproj", "{28D60261-09F1-41AA-BD70-308CB1198070}"
EndProject
Project("{FAE04EC0-301F-11D3-BF4B-00C04F79EFBC}") = "Tyuiu.KrutikovaVP.Sprint2.Task4.V21.Lib", "Tyuiu.KrutikovaVP.Sprint2.Task4.V21.Lib\Tyuiu.KrutikovaVP.Sprint2.Task4.V21.Lib.csproj", "{B359A631-7FD3-4F48-9498-4DAE14DBCD05}"
EndProject
Project("{FAE04EC0-301F-11D3-BF4B-00C04F79EFBC}") = "Tyuiu.KrutikovaVP.Sprint2.Task4.V21.Test", "Tyuiu.KrutikovaVP.Sprint2.Task4.V21.Test\Tyuiu.KrutikovaVP.Sprint2.Task4.V21.Test.csproj", "{6A011540-D484-450C-B41A-10FD2028A6A3}"
EndProject
Project("{2150E333-8FDC-42A3-9474-1A3956D46DE8}") = "Task5", "Task5", "{9AEDCCDB-6A89-46E4-A3D2-EED582794ADE}"
EndProject
Project("{FAE04EC0-301F-11D3-BF4B-00C04F79EFBC}") = "Tyuiu.KrutikovaVP.Sprint2.Task5.V15", "Tyuiu.KrutikovaVP.Sprint2.Task5.V15\Tyuiu.KrutikovaVP.Sprint2.Task5.V15.csproj", "{CD59BE1D-A391-4EDE-8174-9BC7E4A11F16}"
EndProject
Project("{FAE04EC0-301F-11D3-BF4B-00C04F79EFBC}") = "Tyuiu.KrutikovaVP.Sprint2.Task5.V15.Lib", "Tyuiu.KrutikovaVP.Sprint2.Task5.V15.Lib\Tyuiu.KrutikovaVP.Sprint2.Task5.V15.Lib.csproj", "{792810D9-16AD-446D-95DC-8CA051917078}"
EndProject
Project("{FAE04EC0-301F-11D3-BF4B-00C04F79EFBC}") = "Tyuiu.KrutikovaVP.Sprint2.Task5.V15.Test", "Tyuiu.KrutikovaVP.Sprint2.Task5.V15.Test\Tyuiu.KrutikovaVP.Sprint2.Task5.V15.Test.csproj", "{D472489A-416C-44D9-9AEB-07557A5665AE}"
EndProject
Global
	GlobalSection(SolutionConfigurationPlatforms) = preSolution
		Debug|Any CPU = Debug|Any CPU
		Release|Any CPU = Release|Any CPU
	EndGlobalSection
	GlobalSection(ProjectConfigurationPlatforms) = postSolution
		{E61D25D4-F5FE-4413-BCBD-198992FD3084}.Debug|Any CPU.ActiveCfg = Debug|Any CPU
		{E61D25D4-F5FE-4413-BCBD-198992FD3084}.Debug|Any CPU.Build.0 = Debug|Any CPU
		{E61D25D4-F5FE-4413-BCBD-198992FD3084}.Release|Any CPU.ActiveCfg = Release|Any CPU
		{E61D25D4-F5FE-4413-BCBD-198992FD3084}.Release|Any CPU.Build.0 = Release|Any CPU
		{461A20C3-3439-42EA-ABA4-201E5F327B3A}.Debug|Any CPU.ActiveCfg = Debug|Any CPU
		{461A20C3-3439-42EA-ABA4-201E5F327B3A}.Debug|Any CPU.Build.0 = Debug|Any CPU
		{461A20C3-3439-42EA-ABA4-201E5F327B3A}.Release|Any CPU.ActiveCfg = Release|Any CPU
		{461A20C3-3439-42EA-ABA4-201E5F327B3A}.Release|Any CPU.Build.0 = Release|Any CPU
		{4B19A098-660C-4FBA-8859-ACE593ADF230}.Debug|Any CPU.ActiveCfg = Debug|Any CPU
		{4B19A098-660C-4FBA-8859-ACE593ADF230}.Debug|Any CPU.Build.0 = Debug|Any CPU
		{4B19A098-660C-4FBA-8859-ACE593ADF230}.Release|Any CPU.ActiveCfg = Release|Any CPU
		{4B19A098-660C-4FBA-8859-ACE593ADF230}.Release|Any CPU.Build.0 = Release|Any CPU
		{23018F33-2074-42A9-B8C4-E6D261E7C40C}.Debug|Any CPU.ActiveCfg = Debug|Any CPU
		{23018F33-2074-42A9-B8C4-E6D261E7C40C}.Debug|Any CPU.Build.0 = Debug|Any CPU
		{23018F33-2074-42A9-B8C4-E6D261E7C40C}.Release|Any CPU.ActiveCfg = Release|Any CPU
		{23018F33-2074-42A9-B8C4-E6D261E7C40C}.Release|Any CPU.Build.0 = Release|Any CPU
		{B9A4C621-D37E-415C-898D-742D50CFABBE}.Debug|Any CPU.ActiveCfg = Debug|Any CPU
		{B9A4C621-D37E-415C-898D-742D50CFABBE}.Debug|Any CPU.Build.0 = Debug|Any CPU
		{B9A4C621-D37E-415C-898D-742D50CFABBE}.Release|Any CPU.ActiveCfg = Release|Any CPU
		{B9A4C621-D37E-415C-898D-742D50CFABBE}.Release|Any CPU.Build.0 = Release|Any CPU
		{C8BC842D-10AE-4D9B-8A89-E42A9F6A7B4D}.Debug|Any CPU.ActiveCfg = Debug|Any CPU
		{C8BC842D-10AE-4D9B-8A89-E42A9F6A7B4D}.Debug|Any CPU.Build.0 = Debug|Any CPU
		{C8BC842D-10AE-4D9B-8A89-E42A9F6A7B4D}.Release|Any CPU.ActiveCfg = Release|Any CPU
		{C8BC842D-10AE-4D9B-8A89-E42A9F6A7B4D}.Release|Any CPU.Build.0 = Release|Any CPU
		{9F767081-5674-4AD2-B810-41540F8714FA}.Debug|Any CPU.ActiveCfg = Debug|Any CPU
		{9F767081-5674-4AD2-B810-41540F8714FA}.Debug|Any CPU.Build.0 = Debug|Any CPU
		{9F767081-5674-4AD2-B810-41540F8714FA}.Release|Any CPU.ActiveCfg = Release|Any CPU
		{9F767081-5674-4AD2-B810-41540F8714FA}.Release|Any CPU.Build.0 = Release|Any CPU
		{2C8B0042-A1E3-42EE-8118-D52305270587}.Debug|Any CPU.ActiveCfg = Debug|Any CPU
		{2C8B0042-A1E3-42EE-8118-D52305270587}.Debug|Any CPU.Build.0 = Debug|Any CPU
		{2C8B0042-A1E3-42EE-8118-D52305270587}.Release|Any CPU.ActiveCfg = Release|Any CPU
		{2C8B0042-A1E3-42EE-8118-D52305270587}.Release|Any CPU.Build.0 = Release|Any CPU
		{5D88AA5D-2B73-4C9A-9EC4-2FF124E787E2}.Debug|Any CPU.ActiveCfg = Debug|Any CPU
		{5D88AA5D-2B73-4C9A-9EC4-2FF124E787E2}.Debug|Any CPU.Build.0 = Debug|Any CPU
		{5D88AA5D-2B73-4C9A-9EC4-2FF124E787E2}.Release|Any CPU.ActiveCfg = Release|Any CPU
		{5D88AA5D-2B73-4C9A-9EC4-2FF124E787E2}.Release|Any CPU.Build.0 = Release|Any CPU
		{C76907EA-31D5-475A-9FD2-EBC746888D0D}.Debug|Any CPU.ActiveCfg = Debug|Any CPU
		{C76907EA-31D5-475A-9FD2-EBC746888D0D}.Debug|Any CPU.Build.0 = Debug|Any CPU
		{C76907EA-31D5-475A-9FD2-EBC746888D0D}.Release|Any CPU.ActiveCfg = Release|Any CPU
		{C76907EA-31D5-475A-9FD2-EBC746888D0D}.Release|Any CPU.Build.0 = Release|Any CPU
		{FC09AB5C-F7C1-41B7-80AF-1250EEB4C34D}.Debug|Any CPU.ActiveCfg = Debug|Any CPU
		{FC09AB5C-F7C1-41B7-80AF-1250EEB4C34D}.Debug|Any CPU.Build.0 = Debug|Any CPU
		{FC09AB5C-F7C1-41B7-80AF-1250EEB4C34D}.Release|Any CPU.ActiveCfg = Release|Any CPU
		{FC09AB5C-F7C1-41B7-80AF-1250EEB4C34D}.Release|Any CPU.Build.0 = Release|Any CPU
		{093E22B4-5BD9-451F-908F-41E063A31242}.Debug|Any CPU.ActiveCfg = Debug|Any CPU
		{093E22B4-5BD9-451F-908F-41E063A31242}.Debug|Any CPU.Build.0 = Debug|Any CPU
		{093E22B4-5BD9-451F-908F-41E063A31242}.Release|Any CPU.ActiveCfg = Release|Any CPU
		{093E22B4-5BD9-451F-908F-41E063A31242}.Release|Any CPU.Build.0 = Release|Any CPU
		{28D60261-09F1-41AA-BD70-308CB1198070}.Debug|Any CPU.ActiveCfg = Debug|Any CPU
		{28D60261-09F1-41AA-BD70-308CB1198070}.Debug|Any CPU.Build.0 = Debug|Any CPU
		{28D60261-09F1-41AA-BD70-308CB1198070}.Release|Any CPU.ActiveCfg = Release|Any CPU
		{28D60261-09F1-41AA-BD70-308CB1198070}.Release|Any CPU.Build.0 = Release|Any CPU
		{B359A631-7FD3-4F48-9498-4DAE14DBCD05}.Debug|Any CPU.ActiveCfg = Debug|Any CPU
		{B359A631-7FD3-4F48-9498-4DAE14DBCD05}.Debug|Any CPU.Build.0 = Debug|Any CPU
		{B359A631-7FD3-4F48-9498-4DAE14DBCD05}.Release|Any CPU.ActiveCfg = Release|Any CPU
		{B359A631-7FD3-4F48-9498-4DAE14DBCD05}.Release|Any CPU.Build.0 = Release|Any CPU
		{6A011540-D484-450C-B41A-10FD2028A6A3}.Debug|Any CPU.ActiveCfg = Debug|Any CPU
		{6A011540-D484-450C-B41A-10FD2028A6A3}.Debug|Any CPU.Build.0 = Debug|Any CPU
		{6A011540-D484-450C-B41A-10FD2028A6A3}.Release|Any CPU.ActiveCfg = Release|Any CPU
		{6A011540-D484-450C-B41A-10FD2028A6A3}.Release|Any CPU.Build.0 = Release|Any CPU
		{CD59BE1D-A391-4EDE-8174-9BC7E4A11F16}.Debug|Any CPU.ActiveCfg = Debug|Any CPU
		{CD59BE1D-A391-4EDE-8174-9BC7E4A11F16}.Debug|Any CPU.Build.0 = Debug|Any CPU
		{CD59BE1D-A391-4EDE-8174-9BC7E4A11F16}.Release|Any CPU.ActiveCfg = Release|Any CPU
		{CD59BE1D-A391-4EDE-8174-9BC7E4A11F16}.Release|Any CPU.Build.0 = Release|Any CPU
		{792810D9-16AD-446D-95DC-8CA051917078}.Debug|Any CPU.ActiveCfg = Debug|Any CPU
		{792810D9-16AD-446D-95DC-8CA051917078}.Debug|Any CPU.Build.0 = Debug|Any CPU
		{792810D9-16AD-446D-95DC-8CA051917078}.Release|Any CPU.ActiveCfg = Release|Any CPU
		{792810D9-16AD-446D-95DC-8CA051917078}.Release|Any CPU.Build.0 = Release|Any CPU
		{D472489A-416C-44D9-9AEB-07557A5665AE}.Debug|Any CPU.ActiveCfg = Debug|Any CPU
		{D472489A-416C-44D9-9AEB-07557A5665AE}.Debug|Any CPU.Build.0 = Debug|Any CPU
		{D472489A-416C-44D9-9AEB-07557A5665AE}.Release|Any CPU.ActiveCfg = Release|Any CPU
		{D472489A-416C-44D9-9AEB-07557A5665AE}.Release|Any CPU.Build.0 = Release|Any CPU
	EndGlobalSection
	GlobalSection(SolutionProperties) = preSolution
		HideSolutionNode = FALSE
	EndGlobalSection
	GlobalSection(NestedProjects) = preSolution
		{E61D25D4-F5FE-4413-BCBD-198992FD3084} = {4B23F1F7-8BB3-4B9A-9690-009F9A0F8294}
		{461A20C3-3439-42EA-ABA4-201E5F327B3A} = {4B23F1F7-8BB3-4B9A-9690-009F9A0F8294}
		{4B19A098-660C-4FBA-8859-ACE593ADF230} = {4B23F1F7-8BB3-4B9A-9690-009F9A0F8294}
		{23018F33-2074-42A9-B8C4-E6D261E7C40C} = {772E4D02-1378-4AFF-AB48-4CD0B1434820}
		{B9A4C621-D37E-415C-898D-742D50CFABBE} = {772E4D02-1378-4AFF-AB48-4CD0B1434820}
		{C8BC842D-10AE-4D9B-8A89-E42A9F6A7B4D} = {772E4D02-1378-4AFF-AB48-4CD0B1434820}
		{9F767081-5674-4AD2-B810-41540F8714FA} = {4ED0E035-51E0-4DD8-A81D-31F23A97C727}
		{2C8B0042-A1E3-42EE-8118-D52305270587} = {4ED0E035-51E0-4DD8-A81D-31F23A97C727}
		{5D88AA5D-2B73-4C9A-9EC4-2FF124E787E2} = {4ED0E035-51E0-4DD8-A81D-31F23A97C727}
		{C76907EA-31D5-475A-9FD2-EBC746888D0D} = {DD768F27-16B9-4F8F-80D4-8ABABCAF72A6}
		{FC09AB5C-F7C1-41B7-80AF-1250EEB4C34D} = {DD768F27-16B9-4F8F-80D4-8ABABCAF72A6}
		{093E22B4-5BD9-451F-908F-41E063A31242} = {DD768F27-16B9-4F8F-80D4-8ABABCAF72A6}
		{28D60261-09F1-41AA-BD70-308CB1198070} = {009B807D-A4E9-48B0-883D-BC837140785C}
		{B359A631-7FD3-4F48-9498-4DAE14DBCD05} = {009B807D-A4E9-48B0-883D-BC837140785C}
		{6A011540-D484-450C-B41A-10FD2028A6A3} = {009B807D-A4E9-48B0-883D-BC837140785C}
		{CD59BE1D-A391-4EDE-8174-9BC7E4A11F16} = {9AEDCCDB-6A89-46E4-A3D2-EED582794ADE}
		{792810D9-16AD-446D-95DC-8CA051917078} = {9AEDCCDB-6A89-46E4-A3D2-EED582794ADE}
		{D472489A-416C-44D9-9AEB-07557A5665AE} = {9AEDCCDB-6A89-46E4-A3D2-EED582794ADE}
	EndGlobalSection
	GlobalSection(ExtensibilityGlobals) = postSolution
		SolutionGuid = {1D07B6FE-058D-4EF8-A082-E63519A64A4C}
	EndGlobalSection
EndGlobal
