
Microsoft Visual Studio Solution File, Format Version 12.00
# Visual Studio Version 17
VisualStudioVersion = 17.7.34031.279
MinimumVisualStudioVersion = 10.0.40219.1
Project("{2150E333-8FDC-42A3-9474-1A3956D46DE8}") = "Task0", "Task0", "{4B23F1F7-8BB3-4B9A-9690-009F9A0F8294}"
EndProject
Project("{FAE04EC0-301F-11D3-BF4B-00C04F79EFBC}") = "Tyuiu.KrutikovaVP.Sprint2.Task0.V20", "Tyuiu.KrutikovaVP.Sprint2.Task0.V20\Tyuiu.KrutikovaVP.Sprint2.Task0.V20.csproj", "{54F88552-107E-44E9-9C06-130750502ACB}"
EndProject
Project("{FAE04EC0-301F-11D3-BF4B-00C04F79EFBC}") = "Tyuiu.KrutikovaVP.Sprint2.Task0.V20.Test", "Tyuiu.KrutikovaVP.Sprint2.Task0.V20.Test\Tyuiu.KrutikovaVP.Sprint2.Task0.V20.Test.csproj", "{461A20C3-3439-42EA-ABA4-201E5F327B3A}"
EndProject
Project("{FAE04EC0-301F-11D3-BF4B-00C04F79EFBC}") = "Tyuiu.KrutikovaVP.Sprint2.Task0.V20.Lib", "Tyuiu.KrutikovaVP.Sprint2.Task0.V20.Lib\Tyuiu.KrutikovaVP.Sprint2.Task0.V20.Lib.csproj", "{4B19A098-660C-4FBA-8859-ACE593ADF230}"
EndProject
Project("{2150E333-8FDC-42A3-9474-1A3956D46DE8}") = "Task1", "Task1", "{772E4D02-1378-4AFF-AB48-4CD0B1434820}"
EndProject
Project("{FAE04EC0-301F-11D3-BF4B-00C04F79EFBC}") = "Tyuiu.KrutikovaVP.Sprint2.Task1.V26", "Tyuiu.KrutikovaVP.Sprint2.Task1.V26\Tyuiu.KrutikovaVP.Sprint2.Task1.V26.csproj", "{23018F33-2074-42A9-B8C4-E6D261E7C40C}"
EndProject
Project("{FAE04EC0-301F-11D3-BF4B-00C04F79EFBC}") = "Tyuiu.KrutikovaVP.Sprint2.Task1.V26.Lib", "Tyuiu.KrutikovaVP.Sprint2.Task1.V26.Lib\Tyuiu.KrutikovaVP.Sprint2.Task1.V26.Lib.csproj", "{B9A4C621-D37E-415C-898D-742D50CFABBE}"
EndProject
Project("{FAE04EC0-301F-11D3-BF4B-00C04F79EFBC}") = "Tyuiu.KrutikovaVP.Sprint2.Task1.V26.Test", "Tyuiu.KrutikovaVP.Sprint2.Task1.V26.Test\Tyuiu.KrutikovaVP.Sprint2.Task1.V26.Test.csproj", "{C8BC842D-10AE-4D9B-8A89-E42A9F6A7B4D}"
EndProject
Project("{2150E333-8FDC-42A3-9474-1A3956D46DE8}") = "Task2", "Task2", "{4ED0E035-51E0-4DD8-A81D-31F23A97C727}"
EndProject
Project("{FAE04EC0-301F-11D3-BF4B-00C04F79EFBC}") = "Tyuiu.KrutikovaVP.Sprint2.Task2.V14", "Tyuiu.KrutikovaVP.Sprint2.Task2.V14\Tyuiu.KrutikovaVP.Sprint2.Task2.V14.csproj", "{9F767081-5674-4AD2-B810-41540F8714FA}"
EndProject
Project("{FAE04EC0-301F-11D3-BF4B-00C04F79EFBC}") = "Tyuiu.KrutikovaVP.Sprint2.Task2.V14.Lib", "Tyuiu.KrutikovaVP.Sprint2.Task2.V14.Lib\Tyuiu.KrutikovaVP.Sprint2.Task2.V14.Lib.csproj", "{2C8B0042-A1E3-42EE-8118-D52305270587}"
EndProject
Project("{FAE04EC0-301F-11D3-BF4B-00C04F79EFBC}") = "Tyuiu.KrutikovaVP.Sprint2.Task2.V14.Test", "Tyuiu.KrutikovaVP.Sprint2.Task2.V14.Test\Tyuiu.KrutikovaVP.Sprint2.Task2.V14.Test.csproj", "{5D88AA5D-2B73-4C9A-9EC4-2FF124E787E2}"
EndProject
Global
	GlobalSection(SolutionConfigurationPlatforms) = preSolution
		Debug|Any CPU = Debug|Any CPU
		Release|Any CPU = Release|Any CPU
	EndGlobalSection
	GlobalSection(ProjectConfigurationPlatforms) = postSolution
		{54F88552-107E-44E9-9C06-130750502ACB}.Debug|Any CPU.ActiveCfg = Debug|Any CPU
		{54F88552-107E-44E9-9C06-130750502ACB}.Debug|Any CPU.Build.0 = Debug|Any CPU
		{54F88552-107E-44E9-9C06-130750502ACB}.Release|Any CPU.ActiveCfg = Release|Any CPU
		{54F88552-107E-44E9-9C06-130750502ACB}.Release|Any CPU.Build.0 = Release|Any CPU
		{461A20C3-3439-42EA-ABA4-201E5F327B3A}.Debug|Any CPU.ActiveCfg = Debug|Any CPU
		{461A20C3-3439-42EA-ABA4-201E5F327B3A}.Debug|Any CPU.Build.0 = Debug|Any CPU
		{461A20C3-3439-42EA-ABA4-201E5F327B3A}.Release|Any CPU.ActiveCfg = Release|Any CPU
		{461A20C3-3439-42EA-ABA4-201E5F327B3A}.Release|Any CPU.Build.0 = Release|Any CPU
		{4B19A098-660C-4FBA-8859-ACE593ADF230}.Debug|Any CPU.ActiveCfg = Debug|Any CPU
		{4B19A098-660C-4FBA-8859-ACE593ADF230}.Debug|Any CPU.Build.0 = Debug|Any CPU
		{4B19A098-660C-4FBA-8859-ACE593ADF230}.Release|Any CPU.ActiveCfg = Release|Any CPU
		{4B19A098-660C-4FBA-8859-ACE593ADF230}.Release|Any CPU.Build.0 = Release|Any CPU
		{23018F33-2074-42A9-B8C4-E6D261E7C40C}.Debug|Any CPU.ActiveCfg = Debug|Any CPU
		{23018F33-2074-42A9-B8C4-E6D261E7C40C}.Debug|Any CPU.Build.0 = Debug|Any CPU
		{23018F33-2074-42A9-B8C4-E6D261E7C40C}.Release|Any CPU.ActiveCfg = Release|Any CPU
		{23018F33-2074-42A9-B8C4-E6D261E7C40C}.Release|Any CPU.Build.0 = Release|Any CPU
		{B9A4C621-D37E-415C-898D-742D50CFABBE}.Debug|Any CPU.ActiveCfg = Debug|Any CPU
		{B9A4C621-D37E-415C-898D-742D50CFABBE}.Debug|Any CPU.Build.0 = Debug|Any CPU
		{B9A4C621-D37E-415C-898D-742D50CFABBE}.Release|Any CPU.ActiveCfg = Release|Any CPU
		{B9A4C621-D37E-415C-898D-742D50CFABBE}.Release|Any CPU.Build.0 = Release|Any CPU
		{C8BC842D-10AE-4D9B-8A89-E42A9F6A7B4D}.Debug|Any CPU.ActiveCfg = Debug|Any CPU
		{C8BC842D-10AE-4D9B-8A89-E42A9F6A7B4D}.Debug|Any CPU.Build.0 = Debug|Any CPU
		{C8BC842D-10AE-4D9B-8A89-E42A9F6A7B4D}.Release|Any CPU.ActiveCfg = Release|Any CPU
		{C8BC842D-10AE-4D9B-8A89-E42A9F6A7B4D}.Release|Any CPU.Build.0 = Release|Any CPU
		{9F767081-5674-4AD2-B810-41540F8714FA}.Debug|Any CPU.ActiveCfg = Debug|Any CPU
		{9F767081-5674-4AD2-B810-41540F8714FA}.Debug|Any CPU.Build.0 = Debug|Any CPU
		{9F767081-5674-4AD2-B810-41540F8714FA}.Release|Any CPU.ActiveCfg = Release|Any CPU
		{9F767081-5674-4AD2-B810-41540F8714FA}.Release|Any CPU.Build.0 = Release|Any CPU
		{2C8B0042-A1E3-42EE-8118-D52305270587}.Debug|Any CPU.ActiveCfg = Debug|Any CPU
		{2C8B0042-A1E3-42EE-8118-D52305270587}.Debug|Any CPU.Build.0 = Debug|Any CPU
		{2C8B0042-A1E3-42EE-8118-D52305270587}.Release|Any CPU.ActiveCfg = Release|Any CPU
		{2C8B0042-A1E3-42EE-8118-D52305270587}.Release|Any CPU.Build.0 = Release|Any CPU
		{5D88AA5D-2B73-4C9A-9EC4-2FF124E787E2}.Debug|Any CPU.ActiveCfg = Debug|Any CPU
		{5D88AA5D-2B73-4C9A-9EC4-2FF124E787E2}.Debug|Any CPU.Build.0 = Debug|Any CPU
		{5D88AA5D-2B73-4C9A-9EC4-2FF124E787E2}.Release|Any CPU.ActiveCfg = Release|Any CPU
		{5D88AA5D-2B73-4C9A-9EC4-2FF124E787E2}.Release|Any CPU.Build.0 = Release|Any CPU
	EndGlobalSection
	GlobalSection(SolutionProperties) = preSolution
		HideSolutionNode = FALSE
	EndGlobalSection
	GlobalSection(NestedProjects) = preSolution
		{54F88552-107E-44E9-9C06-130750502ACB} = {4B23F1F7-8BB3-4B9A-9690-009F9A0F8294}
		{461A20C3-3439-42EA-ABA4-201E5F327B3A} = {4B23F1F7-8BB3-4B9A-9690-009F9A0F8294}
		{4B19A098-660C-4FBA-8859-ACE593ADF230} = {4B23F1F7-8BB3-4B9A-9690-009F9A0F8294}
		{23018F33-2074-42A9-B8C4-E6D261E7C40C} = {772E4D02-1378-4AFF-AB48-4CD0B1434820}
		{B9A4C621-D37E-415C-898D-742D50CFABBE} = {772E4D02-1378-4AFF-AB48-4CD0B1434820}
		{C8BC842D-10AE-4D9B-8A89-E42A9F6A7B4D} = {772E4D02-1378-4AFF-AB48-4CD0B1434820}
		{9F767081-5674-4AD2-B810-41540F8714FA} = {4ED0E035-51E0-4DD8-A81D-31F23A97C727}
		{2C8B0042-A1E3-42EE-8118-D52305270587} = {4ED0E035-51E0-4DD8-A81D-31F23A97C727}
		{5D88AA5D-2B73-4C9A-9EC4-2FF124E787E2} = {4ED0E035-51E0-4DD8-A81D-31F23A97C727}
	EndGlobalSection
	GlobalSection(ExtensibilityGlobals) = postSolution
		SolutionGuid = {1D07B6FE-058D-4EF8-A082-E63519A64A4C}
	EndGlobalSection
EndGlobal
